// !$*UTF8*$!
{
	archiveVersion = 1;
	classes = {
	};
	objectVersion = 50;
	objects = {

/* Begin PBXBuildFile section */
		D04AA4E6207B8C89002D6399 /* AppDelegate.swift in Sources */ = {isa = PBXBuildFile; fileRef = D04AA4E5207B8C89002D6399 /* AppDelegate.swift */; };
		D04AA4E8207B8C89002D6399 /* ViewController.swift in Sources */ = {isa = PBXBuildFile; fileRef = D04AA4E7207B8C89002D6399 /* ViewController.swift */; };
		D04AA4EB207B8C89002D6399 /* Main.storyboard in Resources */ = {isa = PBXBuildFile; fileRef = D04AA4E9207B8C89002D6399 /* Main.storyboard */; };
		D04AA4ED207B8C8A002D6399 /* Assets.xcassets in Resources */ = {isa = PBXBuildFile; fileRef = D04AA4EC207B8C8A002D6399 /* Assets.xcassets */; };
		D04AA4F0207B8C8A002D6399 /* LaunchScreen.storyboard in Resources */ = {isa = PBXBuildFile; fileRef = D04AA4EE207B8C8A002D6399 /* LaunchScreen.storyboard */; };
/* End PBXBuildFile section */

/* Begin PBXFileReference section */
		D04AA4E2207B8C89002D6399 /* trainShedule.app */ = {isa = PBXFileReference; explicitFileType = wrapper.application; includeInIndex = 0; path = trainShedule.app; sourceTree = BUILT_PRODUCTS_DIR; };
		D04AA4E5207B8C89002D6399 /* AppDelegate.swift */ = {isa = PBXFileReference; lastKnownFileType = sourcecode.swift; path = AppDelegate.swift; sourceTree = "<group>"; };
		D04AA4E7207B8C89002D6399 /* ViewController.swift */ = {isa = PBXFileReference; lastKnownFileType = sourcecode.swift; path = ViewController.swift; sourceTree = "<group>"; };
		D04AA4EA207B8C89002D6399 /* Base */ = {isa = PBXFileReference; lastKnownFileType = file.storyboard; name = Base; path = Base.lproj/Main.storyboard; sourceTree = "<group>"; };
		D04AA4EC207B8C8A002D6399 /* Assets.xcassets */ = {isa = PBXFileReference; lastKnownFileType = folder.assetcatalog; path = Assets.xcassets; sourceTree = "<group>"; };
		D04AA4EF207B8C8A002D6399 /* Base */ = {isa = PBXFileReference; lastKnownFileType = file.storyboard; name = Base; path = Base.lproj/LaunchScreen.storyboard; sourceTree = "<group>"; };
		D04AA4F1207B8C8A002D6399 /* Info.plist */ = {isa = PBXFileReference; lastKnownFileType = text.plist.xml; path = Info.plist; sourceTree = "<group>"; };
/* End PBXFileReference section */

/* Begin PBXFrameworksBuildPhase section */
		D04AA4DF207B8C89002D6399 /* Frameworks */ = {
			isa = PBXFrameworksBuildPhase;
			buildActionMask = 2147483647;
			files = (
			);
			runOnlyForDeploymentPostprocessing = 0;
		};
/* End PBXFrameworksBuildPhase section */

/* Begin PBXGroup section */
		D04AA4D9207B8C89002D6399 = {
			isa = PBXGroup;
			children = (
				D04AA4E4207B8C89002D6399 /* trainShedule */,
				D04AA4E3207B8C89002D6399 /* Products */,
			);
			sourceTree = "<group>";
		};
		D04AA4E3207B8C89002D6399 /* Products */ = {
			isa = PBXGroup;
			children = (
				D04AA4E2207B8C89002D6399 /* trainShedule.app */,
			);
			name = Products;
			sourceTree = "<group>";
		};
		D04AA4E4207B8C89002D6399 /* trainShedule */ = {
			isa = PBXGroup;
			children = (
				D04AA4E5207B8C89002D6399 /* AppDelegate.swift */,
				D04AA4E7207B8C89002D6399 /* ViewController.swift */,
				D04AA4E9207B8C89002D6399 /* Main.storyboard */,
				D04AA4EC207B8C8A002D6399 /* Assets.xcassets */,
				D04AA4EE207B8C8A002D6399 /* LaunchScreen.storyboard */,
				D04AA4F1207B8C8A002D6399 /* Info.plist */,
			);
			path = trainShedule;
			sourceTree = "<group>";
		};
/* End PBXGroup section */

/* Begin PBXNativeTarget section */
		D04AA4E1207B8C89002D6399 /* trainShedule */ = {
			isa = PBXNativeTarget;
			buildConfigurationList = D04AA4F4207B8C8A002D6399 /* Build configuration list for PBXNativeTarget "trainShedule" */;
			buildPhases = (
				D04AA4DE207B8C89002D6399 /* Sources */,
				D04AA4DF207B8C89002D6399 /* Frameworks */,
				D04AA4E0207B8C89002D6399 /* Resources */,
			);
			buildRules = (
			);
			dependencies = (
			);
			name = trainShedule;
			productName = trainShedule;
			productReference = D04AA4E2207B8C89002D6399 /* trainShedule.app */;
			productType = "com.apple.product-type.application";
		};
/* End PBXNativeTarget section */

/* Begin PBXProject section */
		D04AA4DA207B8C89002D6399 /* Project object */ = {
			isa = PBXProject;
			attributes = {
				LastSwiftUpdateCheck = 0930;
				LastUpgradeCheck = 0930;
				ORGANIZATIONNAME = "Artyom Panyushenko";
				TargetAttributes = {
					D04AA4E1207B8C89002D6399 = {
						CreatedOnToolsVersion = 9.3;
					};
				};
			};
			buildConfigurationList = D04AA4DD207B8C89002D6399 /* Build configuration list for PBXProject "trainShedule" */;
			compatibilityVersion = "Xcode 9.3";
			developmentRegion = en;
			hasScannedForEncodings = 0;
			knownRegions = (
				en,
				Base,
			);
			mainGroup = D04AA4D9207B8C89002D6399;
			productRefGroup = D04AA4E3207B8C89002D6399 /* Products */;
			projectDirPath = "";
			projectRoot = "";
			targets = (
				D04AA4E1207B8C89002D6399 /* trainShedule */,
			);
		};
/* End PBXProject section */

/* Begin PBXResourcesBuildPhase section */
		D04AA4E0207B8C89002D6399 /* Resources */ = {
			isa = PBXResourcesBuildPhase;
			buildActionMask = 2147483647;
			files = (
				D04AA4F0207B8C8A002D6399 /* LaunchScreen.storyboard in Resources */,
				D04AA4ED207B8C8A002D6399 /* Assets.xcassets in Resources */,
				D04AA4EB207B8C89002D6399 /* Main.storyboard in Resources */,
			);
			runOnlyForDeploymentPostprocessing = 0;
		};
/* End PBXResourcesBuildPhase section */

/* Begin PBXSourcesBuildPhase section */
		D04AA4DE207B8C89002D6399 /* Sources */ = {
			isa = PBXSourcesBuildPhase;
			buildActionMask = 2147483647;
			files = (
				D04AA4E8207B8C89002D6399 /* ViewController.swift in Sources */,
				D04AA4E6207B8C89002D6399 /* AppDelegate.swift in Sources */,
			);
			runOnlyForDeploymentPostprocessing = 0;
		};
/* End PBXSourcesBuildPhase section */

/* Begin PBXVariantGroup section */
		D04AA4E9207B8C89002D6399 /* Main.storyboard */ = {
			isa = PBXVariantGroup;
			children = (
				D04AA4EA207B8C89002D6399 /* Base */,
			);
			name = Main.storyboard;
			sourceTree = "<group>";
		};
		D04AA4EE207B8C8A002D6399 /* LaunchScreen.storyboard */ = {
			isa = PBXVariantGroup;
			children = (
				D04AA4EF207B8C8A002D6399 /* Base */,
			);
			name = LaunchScreen.storyboard;
			sourceTree = "<group>";
		};
/* End PBXVariantGroup section */

/* Begin XCBuildConfiguration section */
		D04AA4F2207B8C8A002D6399 /* Debug */ = {
			isa = XCBuildConfiguration;
			buildSettings = {
				ALWAYS_SEARCH_USER_PATHS = NO;
				CLANG_ANALYZER_NONNULL = YES;
				CLANG_ANALYZER_NUMBER_OBJECT_CONVERSION = YES_AGGRESSIVE;
				CLANG_CXX_LANGUAGE_STANDARD = "gnu++14";
				CLANG_CXX_LIBRARY = "libc++";
				CLANG_ENABLE_MODULES = YES;
				CLANG_ENABLE_OBJC_ARC = YES;
				CLANG_ENABLE_OBJC_WEAK = YES;
				CLANG_WARN_BLOCK_CAPTURE_AUTORELEASING = YES;
				CLANG_WARN_BOOL_CONVERSION = YES;
				CLANG_WARN_COMMA = YES;
				CLANG_WARN_CONSTANT_CONVERSION = YES;
				CLANG_WARN_DEPRECATED_OBJC_IMPLEMENTATIONS = YES;
				CLANG_WARN_DIRECT_OBJC_ISA_USAGE = YES_ERROR;
				CLANG_WARN_DOCUMENTATION_COMMENTS = YES;
				CLANG_WARN_EMPTY_BODY = YES;
				CLANG_WARN_ENUM_CONVERSION = YES;
				CLANG_WARN_INFINITE_RECURSION = YES;
				CLANG_WARN_INT_CONVERSION = YES;
				CLANG_WARN_NON_LITERAL_NULL_CONVERSION = YES;
				CLANG_WARN_OBJC_IMPLICIT_RETAIN_SELF = YES;
				CLANG_WARN_OBJC_LITERAL_CONVERSION = YES;
				CLANG_WARN_OBJC_ROOT_CLASS = YES_ERROR;
				CLANG_WARN_RANGE_LOOP_ANALYSIS = YES;
				CLANG_WARN_STRICT_PROTOTYPES = YES;
				CLANG_WARN_SUSPICIOUS_MOVE = YES;
				CLANG_WARN_UNGUARDED_AVAILABILITY = YES_AGGRESSIVE;
				CLANG_WARN_UNREACHABLE_CODE = YES;
				CLANG_WARN__DUPLICATE_METHOD_MATCH = YES;
				CODE_SIGN_IDENTITY = "iPhone Developer";
				COPY_PHASE_STRIP = NO;
				DEBUG_INFORMATION_FORMAT = dwarf;
				ENABLE_STRICT_OBJC_MSGSEND = YES;
				ENABLE_TESTABILITY = YES;
				GCC_C_LANGUAGE_STANDARD = gnu11;
				GCC_DYNAMIC_NO_PIC = NO;
				GCC_NO_COMMON_BLOCKS = YES;
				GCC_OPTIMIZATION_LEVEL = 0;
				GCC_PREPROCESSOR_DEFINITIONS = (
					"DEBUG=1",
					"$(inherited)",
				);
				GCC_WARN_64_TO_32_BIT_CONVERSION = YES;
				GCC_WARN_ABOUT_RETURN_TYPE = YES_ERROR;
				GCC_WARN_UNDECLARED_SELECTOR = YES;
				GCC_WARN_UNINITIALIZED_AUTOS = YES_AGGRESSIVE;
				GCC_WARN_UNUSED_FUNCTION = YES;
				GCC_WARN_UNUSED_VARIABLE = YES;
				IPHONEOS_DEPLOYMENT_TARGET = 11.3;
				MTL_ENABLE_DEBUG_INFO = YES;
				ONLY_ACTIVE_ARCH = YES;
				SDKROOT = iphoneos;
				SWIFT_ACTIVE_COMPILATION_CONDITIONS = DEBUG;
				SWIFT_OPTIMIZATION_LEVEL = "-Onone";
			};
			name = Debug;
		};
		D04AA4F3207B8C8A002D6399 /* Release */ = {
			isa = XCBuildConfiguration;
			buildSettings = {
				ALWAYS_SEARCH_USER_PATHS = NO;
				CLANG_ANALYZER_NONNULL = YES;
				CLANG_ANALYZER_NUMBER_OBJECT_CONVERSION = YES_AGGRESSIVE;
				CLANG_CXX_LANGUAGE_STANDARD = "gnu++14";
				CLANG_CXX_LIBRARY = "libc++";
				CLANG_ENABLE_MODULES = YES;
				CLANG_ENABLE_OBJC_ARC = YES;
				CLANG_ENABLE_OBJC_WEAK = YES;
				CLANG_WARN_BLOCK_CAPTURE_AUTORELEASING = YES;
				CLANG_WARN_BOOL_CONVERSION = YES;
				CLANG_WARN_COMMA = YES;
				CLANG_WARN_CONSTANT_CONVERSION = YES;
				CLANG_WARN_DEPRECATED_OBJC_IMPLEMENTATIONS = YES;
				CLANG_WARN_DIRECT_OBJC_ISA_USAGE = YES_ERROR;
				CLANG_WARN_DOCUMENTATION_COMMENTS = YES;
				CLANG_WARN_EMPTY_BODY = YES;
				CLANG_WARN_ENUM_CONVERSION = YES;
				CLANG_WARN_INFINITE_RECURSION = YES;
				CLANG_WARN_INT_CONVERSION = YES;
				CLANG_WARN_NON_LITERAL_NULL_CONVERSION = YES;
				CLANG_WARN_OBJC_IMPLICIT_RETAIN_SELF = YES;
				CLANG_WARN_OBJC_LITERAL_CONVERSION = YES;
				CLANG_WARN_OBJC_ROOT_CLASS = YES_ERROR;
				CLANG_WARN_RANGE_LOOP_ANALYSIS = YES;
				CLANG_WARN_STRICT_PROTOTYPES = YES;
				CLANG_WARN_SUSPICIOUS_MOVE = YES;
				CLANG_WARN_UNGUARDED_AVAILABILITY = YES_AGGRESSIVE;
				CLANG_WARN_UNREACHABLE_CODE = YES;
				CLANG_WARN__DUPLICATE_METHOD_MATCH = YES;
				CODE_SIGN_IDENTITY = "iPhone Developer";
				COPY_PHASE_STRIP = NO;
				DEBUG_INFORMATION_FORMAT = "dwarf-with-dsym";
				ENABLE_NS_ASSERTIONS = NO;
				ENABLE_STRICT_OBJC_MSGSEND = YES;
				GCC_C_LANGUAGE_STANDARD = gnu11;
				GCC_NO_COMMON_BLOCKS = YES;
				GCC_WARN_64_TO_32_BIT_CONVERSION = YES;
				GCC_WARN_ABOUT_RETURN_TYPE = YES_ERROR;
				GCC_WARN_UNDECLARED_SELECTOR = YES;
				GCC_WARN_UNINITIALIZED_AUTOS = YES_AGGRESSIVE;
				GCC_WARN_UNUSED_FUNCTION = YES;
				GCC_WARN_UNUSED_VARIABLE = YES;
				IPHONEOS_DEPLOYMENT_TARGET = 11.3;
				MTL_ENABLE_DEBUG_INFO = NO;
				SDKROOT = iphoneos;
				SWIFT_COMPILATION_MODE = wholemodule;
				SWIFT_OPTIMIZATION_LEVEL = "-O";
				VALIDATE_PRODUCT = YES;
			};
			name = Release;
		};
		D04AA4F5207B8C8A002D6399 /* Debug */ = {
			isa = XCBuildConfiguration;
			buildSettings = {
				ASSETCATALOG_COMPILER_APPICON_NAME = AppIcon;
				CODE_SIGN_STYLE = Automatic;
				DEVELOPMENT_TEAM = 5P7T289PPK;
				INFOPLIST_FILE = trainShedule/Info.plist;
				LD_RUNPATH_SEARCH_PATHS = (
					"$(inherited)",
					"@executable_path/Frameworks",
				);
				PRODUCT_BUNDLE_IDENTIFIER = com.panyushenko.trainShedule;
				PRODUCT_NAME = "$(TARGET_NAME)";
				SWIFT_VERSION = 4.0;
				TARGETED_DEVICE_FAMILY = "1,2";
			};
			name = Debug;
		};
		D04AA4F6207B8C8A002D6399 /* Release */ = {
			isa = XCBuildConfiguration;
			buildSettings = {
				ASSETCATALOG_COMPILER_APPICON_NAME = AppIcon;
				CODE_SIGN_STYLE = Automatic;
				DEVELOPMENT_TEAM = 5P7T289PPK;
				INFOPLIST_FILE = trainShedule/Info.plist;
				LD_RUNPATH_SEARCH_PATHS = (
					"$(inherited)",
					"@executable_path/Frameworks",
				);
				PRODUCT_BUNDLE_IDENTIFIER = com.panyushenko.trainShedule;
				PRODUCT_NAME = "$(TARGET_NAME)";
				SWIFT_VERSION = 4.0;
				TARGETED_DEVICE_FAMILY = "1,2";
			};
			name = Release;
		};
/* End XCBuildConfiguration section */

/* Begin XCConfigurationList section */
		D04AA4DD207B8C89002D6399 /* Build configuration list for PBXProject "trainShedule" */ = {
			isa = XCConfigurationList;
			buildConfigurations = (
				D04AA4F2207B8C8A002D6399 /* Debug */,
				D04AA4F3207B8C8A002D6399 /* Release */,
			);
			defaultConfigurationIsVisible = 0;
			defaultConfigurationName = Release;
		};
		D04AA4F4207B8C8A002D6399 /* Build configuration list for PBXNativeTarget "trainShedule" */ = {
			isa = XCConfigurationList;
			buildConfigurations = (
				D04AA4F5207B8C8A002D6399 /* Debug */,
				D04AA4F6207B8C8A002D6399 /* Release */,
			);
			defaultConfigurationIsVisible = 0;
			defaultConfigurationName = Release;
		};
/* End XCConfigurationList section */
	};
	rootObject = D04AA4DA207B8C89002D6399 /* Project object */;
}
